
Microsoft Visual Studio Solution File, Format Version 12.00
# Visual Studio 15
Project("{FAE04EC0-301F-11D3-BF4B-00C04F79EFBC}") = "PostsImages.Android", "PostsImages.Android\PostsImages.Android.csproj", "{6EE65BB1-26BD-409A-81DF-6D1C4FFFF38F}"
EndProject
Project("{FAE04EC0-301F-11D3-BF4B-00C04F79EFBC}") = "PostsImages.iOS", "PostsImages.iOS\PostsImages.iOS.csproj", "{04FEBD86-1925-4FDD-A591-F4FC25D45F1B}"
EndProject
Project("{FAE04EC0-301F-11D3-BF4B-00C04F79EFBC}") = "PostsImages", "PostsImages\PostsImages.csproj", "{2F4CFCFB-9200-41ED-AD41-3EC3CA285FE9}"
EndProject
Global
	GlobalSection(SolutionConfigurationPlatforms) = preSolution
		Debug|Any CPU = Debug|Any CPU
		Release|Any CPU = Release|Any CPU
		Debug|iPhoneSimulator = Debug|iPhoneSimulator
		Release|iPhoneSimulator = Release|iPhoneSimulator
		Debug|iPhone = Debug|iPhone
		Release|iPhone = Release|iPhone
	EndGlobalSection
	GlobalSection(ProjectConfigurationPlatforms) = postSolution
		{6EE65BB1-26BD-409A-81DF-6D1C4FFFF38F}.Debug|Any CPU.ActiveCfg = Debug|Any CPU
		{6EE65BB1-26BD-409A-81DF-6D1C4FFFF38F}.Debug|Any CPU.Build.0 = Debug|Any CPU
		{6EE65BB1-26BD-409A-81DF-6D1C4FFFF38F}.Release|Any CPU.ActiveCfg = Release|Any CPU
		{6EE65BB1-26BD-409A-81DF-6D1C4FFFF38F}.Release|Any CPU.Build.0 = Release|Any CPU
		{6EE65BB1-26BD-409A-81DF-6D1C4FFFF38F}.Debug|iPhoneSimulator.ActiveCfg = Debug|Any CPU
		{6EE65BB1-26BD-409A-81DF-6D1C4FFFF38F}.Debug|iPhoneSimulator.Build.0 = Debug|Any CPU
		{6EE65BB1-26BD-409A-81DF-6D1C4FFFF38F}.Release|iPhoneSimulator.ActiveCfg = Release|Any CPU
		{6EE65BB1-26BD-409A-81DF-6D1C4FFFF38F}.Release|iPhoneSimulator.Build.0 = Release|Any CPU
		{6EE65BB1-26BD-409A-81DF-6D1C4FFFF38F}.Debug|iPhone.ActiveCfg = Debug|Any CPU
		{6EE65BB1-26BD-409A-81DF-6D1C4FFFF38F}.Debug|iPhone.Build.0 = Debug|Any CPU
		{6EE65BB1-26BD-409A-81DF-6D1C4FFFF38F}.Release|iPhone.ActiveCfg = Release|Any CPU
		{6EE65BB1-26BD-409A-81DF-6D1C4FFFF38F}.Release|iPhone.Build.0 = Release|Any CPU
		{04FEBD86-1925-4FDD-A591-F4FC25D45F1B}.Debug|Any CPU.ActiveCfg = Debug|iPhoneSimulator
		{04FEBD86-1925-4FDD-A591-F4FC25D45F1B}.Debug|Any CPU.Build.0 = Debug|iPhoneSimulator
		{04FEBD86-1925-4FDD-A591-F4FC25D45F1B}.Release|Any CPU.ActiveCfg = Release|iPhoneSimulator
		{04FEBD86-1925-4FDD-A591-F4FC25D45F1B}.Release|Any CPU.Build.0 = Release|iPhoneSimulator
		{04FEBD86-1925-4FDD-A591-F4FC25D45F1B}.Debug|iPhoneSimulator.ActiveCfg = Debug|iPhoneSimulator
		{04FEBD86-1925-4FDD-A591-F4FC25D45F1B}.Debug|iPhoneSimulator.Build.0 = Debug|iPhoneSimulator
		{04FEBD86-1925-4FDD-A591-F4FC25D45F1B}.Release|iPhoneSimulator.ActiveCfg = Release|iPhoneSimulator
		{04FEBD86-1925-4FDD-A591-F4FC25D45F1B}.Release|iPhoneSimulator.Build.0 = Release|iPhoneSimulator
		{04FEBD86-1925-4FDD-A591-F4FC25D45F1B}.Debug|iPhone.ActiveCfg = Debug|iPhone
		{04FEBD86-1925-4FDD-A591-F4FC25D45F1B}.Debug|iPhone.Build.0 = Debug|iPhone
		{04FEBD86-1925-4FDD-A591-F4FC25D45F1B}.Release|iPhone.ActiveCfg = Release|iPhone
		{04FEBD86-1925-4FDD-A591-F4FC25D45F1B}.Release|iPhone.Build.0 = Release|iPhone
		{2F4CFCFB-9200-41ED-AD41-3EC3CA285FE9}.Debug|Any CPU.ActiveCfg = Debug|Any CPU
		{2F4CFCFB-9200-41ED-AD41-3EC3CA285FE9}.Debug|Any CPU.Build.0 = Debug|Any CPU
		{2F4CFCFB-9200-41ED-AD41-3EC3CA285FE9}.Release|Any CPU.ActiveCfg = Release|Any CPU
		{2F4CFCFB-9200-41ED-AD41-3EC3CA285FE9}.Release|Any CPU.Build.0 = Release|Any CPU
		{2F4CFCFB-9200-41ED-AD41-3EC3CA285FE9}.Debug|iPhoneSimulator.ActiveCfg = Debug|Any CPU
		{2F4CFCFB-9200-41ED-AD41-3EC3CA285FE9}.Debug|iPhoneSimulator.Build.0 = Debug|Any CPU
		{2F4CFCFB-9200-41ED-AD41-3EC3CA285FE9}.Release|iPhoneSimulator.ActiveCfg = Release|Any CPU
		{2F4CFCFB-9200-41ED-AD41-3EC3CA285FE9}.Release|iPhoneSimulator.Build.0 = Release|Any CPU
		{2F4CFCFB-9200-41ED-AD41-3EC3CA285FE9}.Debug|iPhone.ActiveCfg = Debug|Any CPU
		{2F4CFCFB-9200-41ED-AD41-3EC3CA285FE9}.Debug|iPhone.Build.0 = Debug|Any CPU
		{2F4CFCFB-9200-41ED-AD41-3EC3CA285FE9}.Release|iPhone.ActiveCfg = Release|Any CPU
		{2F4CFCFB-9200-41ED-AD41-3EC3CA285FE9}.Release|iPhone.Build.0 = Release|Any CPU
	EndGlobalSection
EndGlobal
